
Microsoft Visual Studio Solution File, Format Version 12.00
# Visual Studio 15
VisualStudioVersion = 15.0.27703.2042
MinimumVisualStudioVersion = 10.0.40219.1
Project("{2150E333-8FDC-42A3-9474-1A3956D46DE8}") = "src", "src", "{DCF844A5-CD63-42ED-AD78-5BAFEE489551}"
EndProject
Project("{2150E333-8FDC-42A3-9474-1A3956D46DE8}") = "BuildingBlocks", "BuildingBlocks", "{EBF7CC7F-46D7-4320-B8BD-B3D111BA159F}"
EndProject
Project("{2150E333-8FDC-42A3-9474-1A3956D46DE8}") = "Services", "Services", "{6885D3FA-1915-432A-9A2A-3562C92DFE51}"
EndProject
Project("{2150E333-8FDC-42A3-9474-1A3956D46DE8}") = "ExchangeAccess", "ExchangeAccess", "{73D5343A-A1D1-4CD5-8DF1-E546BFAAFC5D}"
EndProject
Project("{9A19103F-16F7-4668-BE54-9A1E7A4F7556}") = "ExchangeAccess.Domain", "src\Services\ExchangeAccess\ExchangeAccess.Domain\ExchangeAccess.Domain.csproj", "{C7CE2DEC-3CFC-4F3F-8089-7C867AC98779}"
EndProject
Project("{9A19103F-16F7-4668-BE54-9A1E7A4F7556}") = "ExchangeAccess.Infrastructure", "src\Services\ExchangeAccess\ExchangeAccess.Infrastructure\ExchangeAccess.Infrastructure.csproj", "{90B5C31F-3F0D-4457-910B-C3EAA9039A9B}"
EndProject
Project("{9A19103F-16F7-4668-BE54-9A1E7A4F7556}") = "ExchangeAccess.API", "src\Services\ExchangeAccess\ExchangeAccess.API\ExchangeAccess.API.csproj", "{DB81CC94-8378-47F3-B35C-14AFAF799C88}"
EndProject
Project("{E53339B2-1760-4266-BCC7-CA923CBCF16C}") = "docker-compose", "docker-compose.dcproj", "{4F9A8619-5AD2-4ABD-B0C0-796291560BB0}"
EndProject
Project("{9A19103F-16F7-4668-BE54-9A1E7A4F7556}") = "EventBus", "src\BuildingBlocks\EventBus\EventBus\EventBus.csproj", "{623887B0-1DEB-4CAC-9204-CAB1525F8105}"
EndProject
Project("{2150E333-8FDC-42A3-9474-1A3956D46DE8}") = "EventBus", "EventBus", "{F33E28E3-B109-4964-B037-43EFB89CF43F}"
EndProject
Project("{9A19103F-16F7-4668-BE54-9A1E7A4F7556}") = "EventBusRabbitMQ", "src\BuildingBlocks\EventBus\EventBusRabbitMQ\EventBusRabbitMQ.csproj", "{286B086D-B130-4E21-B6AA-4952D279EC7D}"
EndProject
Project("{9A19103F-16F7-4668-BE54-9A1E7A4F7556}") = "IntegrationEventLogEF", "src\BuildingBlocks\EventBus\IntegrationEventLogEF\IntegrationEventLogEF.csproj", "{B9BF3A22-9A79-44D2-9DFE-1F5D5CDF26C0}"
EndProject
Project("{2150E333-8FDC-42A3-9474-1A3956D46DE8}") = "TrendAnalysis", "TrendAnalysis", "{3633C3F2-5BD6-44A6-86D4-E13EFD8BEF5F}"
EndProject
Project("{9A19103F-16F7-4668-BE54-9A1E7A4F7556}") = "TrendAnalysis.Domain", "src\Services\TrendAnalysis\TrendAnalysis.Domain\TrendAnalysis.Domain.csproj", "{15C01CEF-155C-456C-A49C-C5CACF6D2C86}"
EndProject
Project("{9A19103F-16F7-4668-BE54-9A1E7A4F7556}") = "TrendAnalysis.Infrastructure", "src\Services\TrendAnalysis\TrendAnalysis.Infrastructure\TrendAnalysis.Infrastructure.csproj", "{E71CFA56-5467-44D7-8FF7-F01DD4CB8C58}"
EndProject
Project("{9A19103F-16F7-4668-BE54-9A1E7A4F7556}") = "TrendAnalysis.API", "src\Services\TrendAnalysis\TrendAnalysis.API\TrendAnalysis.API.csproj", "{35989527-8BC9-4FB1-A04B-EDB07A1B2BEF}"
EndProject
Project("{2150E333-8FDC-42A3-9474-1A3956D46DE8}") = "Investing", "Investing", "{6120A872-5EF0-4EC6-A46B-5CDB21884404}"
EndProject
Project("{9A19103F-16F7-4668-BE54-9A1E7A4F7556}") = "Investing.Domain", "src\Services\Investing\Investing.Domain\Investing.Domain.csproj", "{1D93B0E3-CA4E-4913-8CB2-1C8D3E2D33EF}"
EndProject
Project("{9A19103F-16F7-4668-BE54-9A1E7A4F7556}") = "Investing.Infrastructure", "src\Services\Investing\Investing.Infrastructure\Investing.Infrastructure.csproj", "{D5B7C1AA-AA89-41B5-A480-DC099387946F}"
EndProject
Project("{9A19103F-16F7-4668-BE54-9A1E7A4F7556}") = "Investing.API", "src\Services\Investing\Investing.API\Investing.API.csproj", "{E0B0BC17-04DD-4AA9-835F-9DAA0AA95400}"
EndProject
Global
	GlobalSection(SolutionConfigurationPlatforms) = preSolution
		Debug|Any CPU = Debug|Any CPU
		Release|Any CPU = Release|Any CPU
	EndGlobalSection
	GlobalSection(ProjectConfigurationPlatforms) = postSolution
		{C7CE2DEC-3CFC-4F3F-8089-7C867AC98779}.Debug|Any CPU.ActiveCfg = Debug|Any CPU
		{C7CE2DEC-3CFC-4F3F-8089-7C867AC98779}.Debug|Any CPU.Build.0 = Debug|Any CPU
		{C7CE2DEC-3CFC-4F3F-8089-7C867AC98779}.Release|Any CPU.ActiveCfg = Release|Any CPU
		{C7CE2DEC-3CFC-4F3F-8089-7C867AC98779}.Release|Any CPU.Build.0 = Release|Any CPU
		{90B5C31F-3F0D-4457-910B-C3EAA9039A9B}.Debug|Any CPU.ActiveCfg = Debug|Any CPU
		{90B5C31F-3F0D-4457-910B-C3EAA9039A9B}.Debug|Any CPU.Build.0 = Debug|Any CPU
		{90B5C31F-3F0D-4457-910B-C3EAA9039A9B}.Release|Any CPU.ActiveCfg = Release|Any CPU
		{90B5C31F-3F0D-4457-910B-C3EAA9039A9B}.Release|Any CPU.Build.0 = Release|Any CPU
		{DB81CC94-8378-47F3-B35C-14AFAF799C88}.Debug|Any CPU.ActiveCfg = Debug|Any CPU
		{DB81CC94-8378-47F3-B35C-14AFAF799C88}.Debug|Any CPU.Build.0 = Debug|Any CPU
		{DB81CC94-8378-47F3-B35C-14AFAF799C88}.Release|Any CPU.ActiveCfg = Release|Any CPU
		{DB81CC94-8378-47F3-B35C-14AFAF799C88}.Release|Any CPU.Build.0 = Release|Any CPU
		{4F9A8619-5AD2-4ABD-B0C0-796291560BB0}.Debug|Any CPU.ActiveCfg = Debug|Any CPU
		{4F9A8619-5AD2-4ABD-B0C0-796291560BB0}.Debug|Any CPU.Build.0 = Debug|Any CPU
		{4F9A8619-5AD2-4ABD-B0C0-796291560BB0}.Release|Any CPU.ActiveCfg = Release|Any CPU
		{4F9A8619-5AD2-4ABD-B0C0-796291560BB0}.Release|Any CPU.Build.0 = Release|Any CPU
		{623887B0-1DEB-4CAC-9204-CAB1525F8105}.Debug|Any CPU.ActiveCfg = Debug|Any CPU
		{623887B0-1DEB-4CAC-9204-CAB1525F8105}.Debug|Any CPU.Build.0 = Debug|Any CPU
		{623887B0-1DEB-4CAC-9204-CAB1525F8105}.Release|Any CPU.ActiveCfg = Release|Any CPU
		{623887B0-1DEB-4CAC-9204-CAB1525F8105}.Release|Any CPU.Build.0 = Release|Any CPU
		{286B086D-B130-4E21-B6AA-4952D279EC7D}.Debug|Any CPU.ActiveCfg = Debug|Any CPU
		{286B086D-B130-4E21-B6AA-4952D279EC7D}.Debug|Any CPU.Build.0 = Debug|Any CPU
		{286B086D-B130-4E21-B6AA-4952D279EC7D}.Release|Any CPU.ActiveCfg = Release|Any CPU
		{286B086D-B130-4E21-B6AA-4952D279EC7D}.Release|Any CPU.Build.0 = Release|Any CPU
		{B9BF3A22-9A79-44D2-9DFE-1F5D5CDF26C0}.Debug|Any CPU.ActiveCfg = Debug|Any CPU
		{B9BF3A22-9A79-44D2-9DFE-1F5D5CDF26C0}.Debug|Any CPU.Build.0 = Debug|Any CPU
		{B9BF3A22-9A79-44D2-9DFE-1F5D5CDF26C0}.Release|Any CPU.ActiveCfg = Release|Any CPU
		{B9BF3A22-9A79-44D2-9DFE-1F5D5CDF26C0}.Release|Any CPU.Build.0 = Release|Any CPU
		{15C01CEF-155C-456C-A49C-C5CACF6D2C86}.Debug|Any CPU.ActiveCfg = Debug|Any CPU
		{15C01CEF-155C-456C-A49C-C5CACF6D2C86}.Debug|Any CPU.Build.0 = Debug|Any CPU
		{15C01CEF-155C-456C-A49C-C5CACF6D2C86}.Release|Any CPU.ActiveCfg = Release|Any CPU
		{15C01CEF-155C-456C-A49C-C5CACF6D2C86}.Release|Any CPU.Build.0 = Release|Any CPU
		{E71CFA56-5467-44D7-8FF7-F01DD4CB8C58}.Debug|Any CPU.ActiveCfg = Debug|Any CPU
		{E71CFA56-5467-44D7-8FF7-F01DD4CB8C58}.Debug|Any CPU.Build.0 = Debug|Any CPU
		{E71CFA56-5467-44D7-8FF7-F01DD4CB8C58}.Release|Any CPU.ActiveCfg = Release|Any CPU
		{E71CFA56-5467-44D7-8FF7-F01DD4CB8C58}.Release|Any CPU.Build.0 = Release|Any CPU
		{35989527-8BC9-4FB1-A04B-EDB07A1B2BEF}.Debug|Any CPU.ActiveCfg = Debug|Any CPU
		{35989527-8BC9-4FB1-A04B-EDB07A1B2BEF}.Debug|Any CPU.Build.0 = Debug|Any CPU
		{35989527-8BC9-4FB1-A04B-EDB07A1B2BEF}.Release|Any CPU.ActiveCfg = Release|Any CPU
		{35989527-8BC9-4FB1-A04B-EDB07A1B2BEF}.Release|Any CPU.Build.0 = Release|Any CPU
		{1D93B0E3-CA4E-4913-8CB2-1C8D3E2D33EF}.Debug|Any CPU.ActiveCfg = Debug|Any CPU
		{1D93B0E3-CA4E-4913-8CB2-1C8D3E2D33EF}.Debug|Any CPU.Build.0 = Debug|Any CPU
		{1D93B0E3-CA4E-4913-8CB2-1C8D3E2D33EF}.Release|Any CPU.ActiveCfg = Release|Any CPU
		{1D93B0E3-CA4E-4913-8CB2-1C8D3E2D33EF}.Release|Any CPU.Build.0 = Release|Any CPU
		{D5B7C1AA-AA89-41B5-A480-DC099387946F}.Debug|Any CPU.ActiveCfg = Debug|Any CPU
		{D5B7C1AA-AA89-41B5-A480-DC099387946F}.Debug|Any CPU.Build.0 = Debug|Any CPU
		{D5B7C1AA-AA89-41B5-A480-DC099387946F}.Release|Any CPU.ActiveCfg = Release|Any CPU
		{D5B7C1AA-AA89-41B5-A480-DC099387946F}.Release|Any CPU.Build.0 = Release|Any CPU
		{E0B0BC17-04DD-4AA9-835F-9DAA0AA95400}.Debug|Any CPU.ActiveCfg = Debug|Any CPU
		{E0B0BC17-04DD-4AA9-835F-9DAA0AA95400}.Debug|Any CPU.Build.0 = Debug|Any CPU
		{E0B0BC17-04DD-4AA9-835F-9DAA0AA95400}.Release|Any CPU.ActiveCfg = Release|Any CPU
		{E0B0BC17-04DD-4AA9-835F-9DAA0AA95400}.Release|Any CPU.Build.0 = Release|Any CPU
	EndGlobalSection
	GlobalSection(SolutionProperties) = preSolution
		HideSolutionNode = FALSE
	EndGlobalSection
	GlobalSection(NestedProjects) = preSolution
		{EBF7CC7F-46D7-4320-B8BD-B3D111BA159F} = {DCF844A5-CD63-42ED-AD78-5BAFEE489551}
		{6885D3FA-1915-432A-9A2A-3562C92DFE51} = {DCF844A5-CD63-42ED-AD78-5BAFEE489551}
		{73D5343A-A1D1-4CD5-8DF1-E546BFAAFC5D} = {6885D3FA-1915-432A-9A2A-3562C92DFE51}
		{C7CE2DEC-3CFC-4F3F-8089-7C867AC98779} = {73D5343A-A1D1-4CD5-8DF1-E546BFAAFC5D}
		{90B5C31F-3F0D-4457-910B-C3EAA9039A9B} = {73D5343A-A1D1-4CD5-8DF1-E546BFAAFC5D}
		{DB81CC94-8378-47F3-B35C-14AFAF799C88} = {73D5343A-A1D1-4CD5-8DF1-E546BFAAFC5D}
		{623887B0-1DEB-4CAC-9204-CAB1525F8105} = {F33E28E3-B109-4964-B037-43EFB89CF43F}
		{F33E28E3-B109-4964-B037-43EFB89CF43F} = {EBF7CC7F-46D7-4320-B8BD-B3D111BA159F}
		{286B086D-B130-4E21-B6AA-4952D279EC7D} = {F33E28E3-B109-4964-B037-43EFB89CF43F}
		{B9BF3A22-9A79-44D2-9DFE-1F5D5CDF26C0} = {F33E28E3-B109-4964-B037-43EFB89CF43F}
		{3633C3F2-5BD6-44A6-86D4-E13EFD8BEF5F} = {6885D3FA-1915-432A-9A2A-3562C92DFE51}
		{15C01CEF-155C-456C-A49C-C5CACF6D2C86} = {3633C3F2-5BD6-44A6-86D4-E13EFD8BEF5F}
		{E71CFA56-5467-44D7-8FF7-F01DD4CB8C58} = {3633C3F2-5BD6-44A6-86D4-E13EFD8BEF5F}
		{35989527-8BC9-4FB1-A04B-EDB07A1B2BEF} = {3633C3F2-5BD6-44A6-86D4-E13EFD8BEF5F}
		{6120A872-5EF0-4EC6-A46B-5CDB21884404} = {6885D3FA-1915-432A-9A2A-3562C92DFE51}
		{1D93B0E3-CA4E-4913-8CB2-1C8D3E2D33EF} = {6120A872-5EF0-4EC6-A46B-5CDB21884404}
		{D5B7C1AA-AA89-41B5-A480-DC099387946F} = {6120A872-5EF0-4EC6-A46B-5CDB21884404}
		{E0B0BC17-04DD-4AA9-835F-9DAA0AA95400} = {6120A872-5EF0-4EC6-A46B-5CDB21884404}
	EndGlobalSection
	GlobalSection(ExtensibilityGlobals) = postSolution
		SolutionGuid = {93D0B29C-D345-4661-9F84-285FD235D6A0}
	EndGlobalSection
EndGlobal
